
Microsoft Visual Studio Solution File, Format Version 12.00
# Visual Studio 2012
Project("{FAE04EC0-301F-11D3-BF4B-00C04F79EFBC}") = "MyTest", "MyTest\MyTest.csproj", "{A3428DCB-2D09-44F9-A0CB-00D637C3D8B4}"
EndProject
Project("{FAE04EC0-301F-11D3-BF4B-00C04F79EFBC}") = "Demo", "Demo\Demo.csproj", "{21C76C45-CA9E-45ED-A861-D30CA731B96D}"
EndProject
Project("{FAE04EC0-301F-11D3-BF4B-00C04F79EFBC}") = "CodedUITestProject1", "CodedUITestProject1\CodedUITestProject1.csproj", "{23CB6C42-051B-4DEF-B975-84AF030647DE}"
EndProject
Global
	GlobalSection(SolutionConfigurationPlatforms) = preSolution
		Debug|Any CPU = Debug|Any CPU
		Release|Any CPU = Release|Any CPU
	EndGlobalSection
	GlobalSection(ProjectConfigurationPlatforms) = postSolution
		{A3428DCB-2D09-44F9-A0CB-00D637C3D8B4}.Debug|Any CPU.ActiveCfg = Debug|Any CPU
		{A3428DCB-2D09-44F9-A0CB-00D637C3D8B4}.Debug|Any CPU.Build.0 = Debug|Any CPU
		{A3428DCB-2D09-44F9-A0CB-00D637C3D8B4}.Release|Any CPU.ActiveCfg = Release|Any CPU
		{A3428DCB-2D09-44F9-A0CB-00D637C3D8B4}.Release|Any CPU.Build.0 = Release|Any CPU
		{21C76C45-CA9E-45ED-A861-D30CA731B96D}.Debug|Any CPU.ActiveCfg = Debug|Any CPU
		{21C76C45-CA9E-45ED-A861-D30CA731B96D}.Debug|Any CPU.Build.0 = Debug|Any CPU
		{21C76C45-CA9E-45ED-A861-D30CA731B96D}.Release|Any CPU.ActiveCfg = Release|Any CPU
		{21C76C45-CA9E-45ED-A861-D30CA731B96D}.Release|Any CPU.Build.0 = Release|Any CPU
		{23CB6C42-051B-4DEF-B975-84AF030647DE}.Debug|Any CPU.ActiveCfg = Debug|Any CPU
		{23CB6C42-051B-4DEF-B975-84AF030647DE}.Debug|Any CPU.Build.0 = Debug|Any CPU
		{23CB6C42-051B-4DEF-B975-84AF030647DE}.Release|Any CPU.ActiveCfg = Release|Any CPU
		{23CB6C42-051B-4DEF-B975-84AF030647DE}.Release|Any CPU.Build.0 = Release|Any CPU
	EndGlobalSection
	GlobalSection(SolutionProperties) = preSolution
		HideSolutionNode = FALSE
	EndGlobalSection
EndGlobal
